
Microsoft Visual Studio Solution File, Format Version 12.00
# Visual Studio Version 17
VisualStudioVersion = 17.13.35806.99 d17.13
MinimumVisualStudioVersion = 10.0.40219.1
Project("{8BC9CEB8-8B4A-11D0-8D11-00A0C91BC942}") = "elproject_4_bank", "elproject_4_bank\elproject_4_bank.vcxproj", "{0B763027-C182-46C5-9546-14247B6DD4FE}"
EndProject
Global
	GlobalSection(SolutionConfigurationPlatforms) = preSolution
		Debug|x64 = Debug|x64
		Debug|x86 = Debug|x86
		Release|x64 = Release|x64
		Release|x86 = Release|x86
	EndGlobalSection
	GlobalSection(ProjectConfigurationPlatforms) = postSolution
		{0B763027-C182-46C5-9546-14247B6DD4FE}.Debug|x64.ActiveCfg = Debug|x64
		{0B763027-C182-46C5-9546-14247B6DD4FE}.Debug|x64.Build.0 = Debug|x64
		{0B763027-C182-46C5-9546-14247B6DD4FE}.Debug|x86.ActiveCfg = Debug|Win32
		{0B763027-C182-46C5-9546-14247B6DD4FE}.Debug|x86.Build.0 = Debug|Win32
		{0B763027-C182-46C5-9546-14247B6DD4FE}.Release|x64.ActiveCfg = Release|x64
		{0B763027-C182-46C5-9546-14247B6DD4FE}.Release|x64.Build.0 = Release|x64
		{0B763027-C182-46C5-9546-14247B6DD4FE}.Release|x86.ActiveCfg = Release|Win32
		{0B763027-C182-46C5-9546-14247B6DD4FE}.Release|x86.Build.0 = Release|Win32
	EndGlobalSection
	GlobalSection(SolutionProperties) = preSolution
		HideSolutionNode = FALSE
	EndGlobalSection
	GlobalSection(ExtensibilityGlobals) = postSolution
		SolutionGuid = {DC7FA239-C92A-4D80-804C-8805BB35C63D}
	EndGlobalSection
EndGlobal
